{
  "name": "Special-Template-Vanilla-JS",
  "lockfileVersion": 2,
  "requires": true,
  "packages": {
    "": {
      "dependencies": {
        "headroom.js": "^0.12.0"
      }
    },
    "node_modules/headroom.js": {
      "version": "0.12.0",
      "resolved": "https://registry.npmjs.org/headroom.js/-/headroom.js-0.12.0.tgz",
      "integrity": "sha512-iXnAafUm3FdzfJ91uixLws2hkKI1jC8bAKK/pt7XYr8Ie1jO7xbK48Ycpl9tUPyBgkzuj1p/PhJS0fy4E/5anA=="
    }
  },
  "dependencies": {
    "headroom.js": {
      "version": "0.12.0",
      "resolved": "https://registry.npmjs.org/headroom.js/-/headroom.js-0.12.0.tgz",
      "integrity": "sha512-iXnAafUm3FdzfJ91uixLws2hkKI1jC8bAKK/pt7XYr8Ie1jO7xbK48Ycpl9tUPyBgkzuj1p/PhJS0fy4E/5anA=="
    }
  }
}
